
Microsoft Visual Studio Solution File, Format Version 12.00
# Visual Studio Version 17
VisualStudioVersion = 17.2.32526.322
MinimumVisualStudioVersion = 10.0.40219.1
Project("{FAE04EC0-301F-11D3-BF4B-00C04F79EFBC}") = "AS_SRS_LMS", "AS_SRS_LMS\AS_SRS_LMS.csproj", "{34608E5D-0764-4848-A2E7-74E474DEF7CD}"
EndProject
Global
	GlobalSection(SolutionConfigurationPlatforms) = preSolution
		Debug|Any CPU = Debug|Any CPU
		Release|Any CPU = Release|Any CPU
	EndGlobalSection
	GlobalSection(ProjectConfigurationPlatforms) = postSolution
		{34608E5D-0764-4848-A2E7-74E474DEF7CD}.Debug|Any CPU.ActiveCfg = Debug|Any CPU
		{34608E5D-0764-4848-A2E7-74E474DEF7CD}.Debug|Any CPU.Build.0 = Debug|Any CPU
		{34608E5D-0764-4848-A2E7-74E474DEF7CD}.Release|Any CPU.ActiveCfg = Release|Any CPU
		{34608E5D-0764-4848-A2E7-74E474DEF7CD}.Release|Any CPU.Build.0 = Release|Any CPU
	EndGlobalSection
	GlobalSection(SolutionProperties) = preSolution
		HideSolutionNode = FALSE
	EndGlobalSection
	GlobalSection(ExtensibilityGlobals) = postSolution
		SolutionGuid = {6A6B3A58-93D7-48B7-ABA9-94A85500F6D2}
	EndGlobalSection
EndGlobal
